Microsoft Visual Studio Solution File, Format Version 12.00
# Visual Studio Version 17
VisualStudioVersion = 17.2.32210.308
MinimumVisualStudioVersion = 15.0.26124.0

Project("{2150E333-8FDC-42A3-9474-1A3956D46DE8}") = "Source", "Source", "{6F66F225-BC93-4E06-833E-BD69FD7DCE71}"
EndProject
Project("{2150E333-8FDC-42A3-9474-1A3956D46DE8}") = "Platforms", "Platforms", "{C03B3786-49EF-4DD5-8A3B-DE8F56707647}"
EndProject

Project("{9A19103F-16F7-4668-BE54-9A1E7A4F7556}") = "GeneratedAttachedProperties", "GeneratedAttachedProperties\GeneratedAttachedProperties.csproj", "{AAFF772E-154C-401F-B1A0-3BAC298B2A4E}"
EndProject
Project("{9A19103F-16F7-4668-BE54-9A1E7A4F7556}") = "GeneratedAttachedProperties.Shared", "GeneratedAttachedProperties.Shared\GeneratedAttachedProperties.Shared.csproj", "{2189102C-8698-4760-A2C5-ADED686F84E2}"
EndProject
Project("{9A19103F-16F7-4668-BE54-9A1E7A4F7556}") = "GeneratedAttachedProperties.Skia.Gtk", "GeneratedAttachedProperties.Skia.Gtk\GeneratedAttachedProperties.Skia.Gtk.csproj", "{100832D8-528C-4D4E-83F1-5D672DAF54C3}"
EndProject

Project("{2150E333-8FDC-42A3-9474-1A3956D46DE8}") = "Solution Items", "Solution Items", "{BADA71DC-7FFD-4EDC-9F28-FB74AEADC713}"
	ProjectSection(SolutionItems) = preProject
		.gitignore = .gitignore
		Directory.Build.props = Directory.Build.props
		Directory.Build.targets = Directory.Build.targets
		solution-config.props.sample = solution-config.props.sample
		Directory.Packages.props = Directory.Packages.props
	EndProjectSection
EndProject
Global
	GlobalSection(SolutionConfigurationPlatforms) = preSolution
		Debug|Any CPU = Debug|Any CPU
		Debug|ARM = Debug|ARM
		Debug|ARM64 = Debug|ARM64
		Debug|iPhone = Debug|iPhone
		Debug|iPhoneSimulator = Debug|iPhoneSimulator
		Debug|x64 = Debug|x64
		Debug|x86 = Debug|x86
		Release|Any CPU = Release|Any CPU
		Release|ARM = Release|ARM
		Release|ARM64 = Release|ARM64
		Release|iPhone = Release|iPhone
		Release|iPhoneSimulator = Release|iPhoneSimulator
		Release|x64 = Release|x64
		Release|x86 = Release|x86
	EndGlobalSection
	GlobalSection(ProjectConfigurationPlatforms) = postSolution
		{100832D8-528C-4D4E-83F1-5D672DAF54C3}.Debug|Any CPU.ActiveCfg = Debug|Any CPU
		{100832D8-528C-4D4E-83F1-5D672DAF54C3}.Debug|Any CPU.Build.0 = Debug|Any CPU
		{100832D8-528C-4D4E-83F1-5D672DAF54C3}.Debug|ARM.ActiveCfg = Debug|Any CPU
		{100832D8-528C-4D4E-83F1-5D672DAF54C3}.Debug|ARM.Build.0 = Debug|Any CPU
		{100832D8-528C-4D4E-83F1-5D672DAF54C3}.Debug|ARM64.ActiveCfg = Debug|Any CPU
		{100832D8-528C-4D4E-83F1-5D672DAF54C3}.Debug|ARM64.Build.0 = Debug|Any CPU
		{100832D8-528C-4D4E-83F1-5D672DAF54C3}.Debug|iPhone.ActiveCfg = Debug|Any CPU
		{100832D8-528C-4D4E-83F1-5D672DAF54C3}.Debug|iPhone.Build.0 = Debug|Any CPU
		{100832D8-528C-4D4E-83F1-5D672DAF54C3}.Debug|iPhoneSimulator.ActiveCfg = Debug|Any CPU
		{100832D8-528C-4D4E-83F1-5D672DAF54C3}.Debug|iPhoneSimulator.Build.0 = Debug|Any CPU
		{100832D8-528C-4D4E-83F1-5D672DAF54C3}.Debug|x64.ActiveCfg = Debug|Any CPU
		{100832D8-528C-4D4E-83F1-5D672DAF54C3}.Debug|x64.Build.0 = Debug|Any CPU
		{100832D8-528C-4D4E-83F1-5D672DAF54C3}.Debug|x86.ActiveCfg = Debug|Any CPU
		{100832D8-528C-4D4E-83F1-5D672DAF54C3}.Debug|x86.Build.0 = Debug|Any CPU
		{100832D8-528C-4D4E-83F1-5D672DAF54C3}.Release|Any CPU.ActiveCfg = Release|Any CPU
		{100832D8-528C-4D4E-83F1-5D672DAF54C3}.Release|Any CPU.Build.0 = Release|Any CPU
		{100832D8-528C-4D4E-83F1-5D672DAF54C3}.Release|ARM.ActiveCfg = Release|Any CPU
		{100832D8-528C-4D4E-83F1-5D672DAF54C3}.Release|ARM.Build.0 = Release|Any CPU
		{100832D8-528C-4D4E-83F1-5D672DAF54C3}.Release|ARM64.ActiveCfg = Release|Any CPU
		{100832D8-528C-4D4E-83F1-5D672DAF54C3}.Release|ARM64.Build.0 = Release|Any CPU
		{100832D8-528C-4D4E-83F1-5D672DAF54C3}.Release|iPhone.ActiveCfg = Release|Any CPU
		{100832D8-528C-4D4E-83F1-5D672DAF54C3}.Release|iPhone.Build.0 = Release|Any CPU
		{100832D8-528C-4D4E-83F1-5D672DAF54C3}.Release|iPhoneSimulator.ActiveCfg = Release|Any CPU
		{100832D8-528C-4D4E-83F1-5D672DAF54C3}.Release|iPhoneSimulator.Build.0 = Release|Any CPU
		{100832D8-528C-4D4E-83F1-5D672DAF54C3}.Release|x64.ActiveCfg = Release|Any CPU
		{100832D8-528C-4D4E-83F1-5D672DAF54C3}.Release|x64.Build.0 = Release|Any CPU
		{100832D8-528C-4D4E-83F1-5D672DAF54C3}.Release|x86.ActiveCfg = Release|Any CPU
		{100832D8-528C-4D4E-83F1-5D672DAF54C3}.Release|x86.Build.0 = Release|Any CPU
		{AAFF772E-154C-401F-B1A0-3BAC298B2A4E}.Debug|Any CPU.ActiveCfg = Debug|Any CPU
		{AAFF772E-154C-401F-B1A0-3BAC298B2A4E}.Debug|Any CPU.Build.0 = Debug|Any CPU
		{AAFF772E-154C-401F-B1A0-3BAC298B2A4E}.Debug|ARM.ActiveCfg = Debug|Any CPU
		{AAFF772E-154C-401F-B1A0-3BAC298B2A4E}.Debug|ARM.Build.0 = Debug|Any CPU
		{AAFF772E-154C-401F-B1A0-3BAC298B2A4E}.Debug|ARM64.ActiveCfg = Debug|Any CPU
		{AAFF772E-154C-401F-B1A0-3BAC298B2A4E}.Debug|ARM64.Build.0 = Debug|Any CPU
		{AAFF772E-154C-401F-B1A0-3BAC298B2A4E}.Debug|iPhone.ActiveCfg = Debug|Any CPU
		{AAFF772E-154C-401F-B1A0-3BAC298B2A4E}.Debug|iPhone.Build.0 = Debug|Any CPU
		{AAFF772E-154C-401F-B1A0-3BAC298B2A4E}.Debug|iPhoneSimulator.ActiveCfg = Debug|Any CPU
		{AAFF772E-154C-401F-B1A0-3BAC298B2A4E}.Debug|iPhoneSimulator.Build.0 = Debug|Any CPU
		{AAFF772E-154C-401F-B1A0-3BAC298B2A4E}.Debug|x64.ActiveCfg = Debug|Any CPU
		{AAFF772E-154C-401F-B1A0-3BAC298B2A4E}.Debug|x64.Build.0 = Debug|Any CPU
		{AAFF772E-154C-401F-B1A0-3BAC298B2A4E}.Debug|x86.ActiveCfg = Debug|Any CPU
		{AAFF772E-154C-401F-B1A0-3BAC298B2A4E}.Debug|x86.Build.0 = Debug|Any CPU
		{AAFF772E-154C-401F-B1A0-3BAC298B2A4E}.Release|Any CPU.ActiveCfg = Release|Any CPU
		{AAFF772E-154C-401F-B1A0-3BAC298B2A4E}.Release|Any CPU.Build.0 = Release|Any CPU
		{AAFF772E-154C-401F-B1A0-3BAC298B2A4E}.Release|ARM.ActiveCfg = Release|Any CPU
		{AAFF772E-154C-401F-B1A0-3BAC298B2A4E}.Release|ARM.Build.0 = Release|Any CPU
		{AAFF772E-154C-401F-B1A0-3BAC298B2A4E}.Release|ARM64.ActiveCfg = Release|Any CPU
		{AAFF772E-154C-401F-B1A0-3BAC298B2A4E}.Release|ARM64.Build.0 = Release|Any CPU
		{AAFF772E-154C-401F-B1A0-3BAC298B2A4E}.Release|iPhone.ActiveCfg = Release|Any CPU
		{AAFF772E-154C-401F-B1A0-3BAC298B2A4E}.Release|iPhone.Build.0 = Release|Any CPU
		{AAFF772E-154C-401F-B1A0-3BAC298B2A4E}.Release|iPhoneSimulator.ActiveCfg = Release|Any CPU
		{AAFF772E-154C-401F-B1A0-3BAC298B2A4E}.Release|iPhoneSimulator.Build.0 = Release|Any CPU
		{AAFF772E-154C-401F-B1A0-3BAC298B2A4E}.Release|x64.ActiveCfg = Release|Any CPU
		{AAFF772E-154C-401F-B1A0-3BAC298B2A4E}.Release|x64.Build.0 = Release|Any CPU
		{AAFF772E-154C-401F-B1A0-3BAC298B2A4E}.Release|x86.ActiveCfg = Release|Any CPU
		{AAFF772E-154C-401F-B1A0-3BAC298B2A4E}.Release|x86.Build.0 = Release|Any CPU
	EndGlobalSection
	GlobalSection(SolutionProperties) = preSolution
		HideSolutionNode = FALSE
	EndGlobalSection
	GlobalSection(NestedProjects) = preSolution
		{AAFF772E-154C-401F-B1A0-3BAC298B2A4E} = {6F66F225-BC93-4E06-833E-BD69FD7DCE71}
		{2189102C-8698-4760-A2C5-ADED686F84E2} = {C03B3786-49EF-4DD5-8A3B-DE8F56707647}
		{C03B3786-49EF-4DD5-8A3B-DE8F56707647} = {6F66F225-BC93-4E06-833E-BD69FD7DCE71}
		{100832D8-528C-4D4E-83F1-5D672DAF54C3} = {C03B3786-49EF-4DD5-8A3B-DE8F56707647}
	EndGlobalSection
	GlobalSection(ExtensibilityGlobals) = postSolution
		SolutionGuid = {B328C5AD-1F64-42FA-A077-FF341C007BF5}
	EndGlobalSection
EndGlobal
